# This file is automatically @generated by Cargo.
# It is not intended for manual editing.
version = 4

[[package]]
name = "fern"
version = "0.6.2"
source = "registry+https://github.com/rust-lang/crates.io-index"
checksum = "d9f0c14694cbd524c8720dd69b0e3179344f04ebb5f90f2e4a440c6ea3b2f1ee"
dependencies = [
 "log",
]

[[package]]
name = "json"
version = "0.12.4"
source = "registry+https://github.com/rust-lang/crates.io-index"
checksum = "078e285eafdfb6c4b434e0d31e8cfcb5115b651496faca5749b88fafd4f23bfd"

[[package]]
name = "lobbywebuipluginthing"
version = "0.1.0"
dependencies = [
 "fern",
 "json",
 "log",
 "samase_plugin",
]

[[package]]
name = "log"
version = "0.4.27"
source = "registry+https://github.com/rust-lang/crates.io-index"
checksum = "13dc2df351e3202783a1fe0d44375f7295ffb4049267b0f3018346dc122a1d94"

[[package]]
name = "samase_plugin"
version = "0.5.0"
source = "git+https://github.com/neivv/samase_plugin?rev=9a73bcccba8eb330371554065b5c559f1552bb3d#9a73bcccba8eb330371554065b5c559f1552bb3d"
